
Microsoft Visual Studio Solution File, Format Version 12.00
# Visual Studio 15
VisualStudioVersion = 15.0.26711.1
MinimumVisualStudioVersion = 10.0.40219.1
Project("{2150E333-8FDC-42A3-9474-1A3956D46DE8}") = "src", "src", "{EAB89F2E-194C-4406-B8D1-2DC6639333F5}"
EndProject
Project("{FAE04EC0-301F-11D3-BF4B-00C04F79EFBC}") = "Jaxx.MUI.Template", "src\Jaxx.MUI.Template\Jaxx.MUI.Template.csproj", "{45B9997A-5CC2-40B1-89DF-D8FEC4DAE9A9}"
EndProject
Global
	GlobalSection(SolutionConfigurationPlatforms) = preSolution
		Debug|Any CPU = Debug|Any CPU
		Release|Any CPU = Release|Any CPU
	EndGlobalSection
	GlobalSection(ProjectConfigurationPlatforms) = postSolution
		{45B9997A-5CC2-40B1-89DF-D8FEC4DAE9A9}.Debug|Any CPU.ActiveCfg = Debug|Any CPU
		{45B9997A-5CC2-40B1-89DF-D8FEC4DAE9A9}.Debug|Any CPU.Build.0 = Debug|Any CPU
		{45B9997A-5CC2-40B1-89DF-D8FEC4DAE9A9}.Release|Any CPU.ActiveCfg = Release|Any CPU
		{45B9997A-5CC2-40B1-89DF-D8FEC4DAE9A9}.Release|Any CPU.Build.0 = Release|Any CPU
	EndGlobalSection
	GlobalSection(SolutionProperties) = preSolution
		HideSolutionNode = FALSE
	EndGlobalSection
	GlobalSection(NestedProjects) = preSolution
		{45B9997A-5CC2-40B1-89DF-D8FEC4DAE9A9} = {EAB89F2E-194C-4406-B8D1-2DC6639333F5}
	EndGlobalSection
	GlobalSection(ExtensibilityGlobals) = postSolution
		SolutionGuid = {5E9CCD2B-5D8A-4C0E-9510-8E7FDDEB2B64}
	EndGlobalSection
EndGlobal
